
Microsoft Visual Studio Solution File, Format Version 12.00
# Visual Studio Version 16
VisualStudioVersion = 16.0.31424.327
MinimumVisualStudioVersion = 10.0.40219.1
Project("{FAE04EC0-301F-11D3-BF4B-00C04F79EFBC}") = "WebApplication12", "WebApplication12.csproj", "{763D7338-30FC-430A-B412-EDA6881F7D3B}"
EndProject
Global
	GlobalSection(SolutionConfigurationPlatforms) = preSolution
		Debug|Any CPU = Debug|Any CPU
		Release|Any CPU = Release|Any CPU
	EndGlobalSection
	GlobalSection(ProjectConfigurationPlatforms) = postSolution
		{763D7338-30FC-430A-B412-EDA6881F7D3B}.Debug|Any CPU.ActiveCfg = Debug|Any CPU
		{763D7338-30FC-430A-B412-EDA6881F7D3B}.Debug|Any CPU.Build.0 = Debug|Any CPU
		{763D7338-30FC-430A-B412-EDA6881F7D3B}.Release|Any CPU.ActiveCfg = Release|Any CPU
		{763D7338-30FC-430A-B412-EDA6881F7D3B}.Release|Any CPU.Build.0 = Release|Any CPU
	EndGlobalSection
	GlobalSection(SolutionProperties) = preSolution
		HideSolutionNode = FALSE
	EndGlobalSection
	GlobalSection(ExtensibilityGlobals) = postSolution
		SolutionGuid = {14E854DF-9287-4214-9C2A-EA7D2900E34E}
	EndGlobalSection
EndGlobal
